// !$*UTF8*$!
{
	archiveVersion = 1;
	classes = {
	};
	objectVersion = 50;
	objects = {

/* Begin PBXBuildFile section */
		D6C1126925774D88001E2377 /* AppDelegate.swift in Sources */ = {isa = PBXBuildFile; fileRef = D6C1126825774D88001E2377 /* AppDelegate.swift */; };
		D6C1126B25774D88001E2377 /* SceneDelegate.swift in Sources */ = {isa = PBXBuildFile; fileRef = D6C1126A25774D88001E2377 /* SceneDelegate.swift */; };
		D6C1126D25774D88001E2377 /* ViewController.swift in Sources */ = {isa = PBXBuildFile; fileRef = D6C1126C25774D88001E2377 /* ViewController.swift */; };
		D6C1127025774D88001E2377 /* Main.storyboard in Resources */ = {isa = PBXBuildFile; fileRef = D6C1126E25774D88001E2377 /* Main.storyboard */; };
		D6C1127225774D88001E2377 /* Assets.xcassets in Resources */ = {isa = PBXBuildFile; fileRef = D6C1127125774D88001E2377 /* Assets.xcassets */; };
		D6C1127525774D88001E2377 /* LaunchScreen.storyboard in Resources */ = {isa = PBXBuildFile; fileRef = D6C1127325774D88001E2377 /* LaunchScreen.storyboard */; };
		D6C1128E25774FFB001E2377 /* Roboto-Medium.ttf in Resources */ = {isa = PBXBuildFile; fileRef = D6C1128225774FFB001E2377 /* Roboto-Medium.ttf */; };
		D6C1128F25774FFB001E2377 /* Roboto-Light.ttf in Resources */ = {isa = PBXBuildFile; fileRef = D6C1128325774FFB001E2377 /* Roboto-Light.ttf */; };
		D6C1129025774FFB001E2377 /* Roboto-Regular.ttf in Resources */ = {isa = PBXBuildFile; fileRef = D6C1128425774FFB001E2377 /* Roboto-Regular.ttf */; };
		D6C1129125774FFB001E2377 /* Roboto-MediumItalic.ttf in Resources */ = {isa = PBXBuildFile; fileRef = D6C1128525774FFB001E2377 /* Roboto-MediumItalic.ttf */; };
		D6C1129225774FFB001E2377 /* Roboto-ThinItalic.ttf in Resources */ = {isa = PBXBuildFile; fileRef = D6C1128625774FFB001E2377 /* Roboto-ThinItalic.ttf */; };
		D6C1129325774FFB001E2377 /* Roboto-BoldItalic.ttf in Resources */ = {isa = PBXBuildFile; fileRef = D6C1128725774FFB001E2377 /* Roboto-BoldItalic.ttf */; };
		D6C1129425774FFB001E2377 /* Roboto-LightItalic.ttf in Resources */ = {isa = PBXBuildFile; fileRef = D6C1128825774FFB001E2377 /* Roboto-LightItalic.ttf */; };
		D6C1129525774FFB001E2377 /* Roboto-Italic.ttf in Resources */ = {isa = PBXBuildFile; fileRef = D6C1128925774FFB001E2377 /* Roboto-Italic.ttf */; };
		D6C1129625774FFB001E2377 /* Roboto-BlackItalic.ttf in Resources */ = {isa = PBXBuildFile; fileRef = D6C1128A25774FFB001E2377 /* Roboto-BlackItalic.ttf */; };
		D6C1129725774FFB001E2377 /* Roboto-Bold.ttf in Resources */ = {isa = PBXBuildFile; fileRef = D6C1128B25774FFB001E2377 /* Roboto-Bold.ttf */; };
		D6C1129825774FFB001E2377 /* Roboto-Thin.ttf in Resources */ = {isa = PBXBuildFile; fileRef = D6C1128C25774FFB001E2377 /* Roboto-Thin.ttf */; };
		D6C1129925774FFB001E2377 /* Roboto-Black.ttf in Resources */ = {isa = PBXBuildFile; fileRef = D6C1128D25774FFB001E2377 /* Roboto-Black.ttf */; };
/* End PBXBuildFile section */

/* Begin PBXFileReference section */
		D6C1126525774D88001E2377 /* CustomFonts.app */ = {isa = PBXFileReference; explicitFileType = wrapper.application; includeInIndex = 0; path = CustomFonts.app; sourceTree = BUILT_PRODUCTS_DIR; };
		D6C1126825774D88001E2377 /* AppDelegate.swift */ = {isa = PBXFileReference; lastKnownFileType = sourcecode.swift; path = AppDelegate.swift; sourceTree = "<group>"; };
		D6C1126A25774D88001E2377 /* SceneDelegate.swift */ = {isa = PBXFileReference; lastKnownFileType = sourcecode.swift; path = SceneDelegate.swift; sourceTree = "<group>"; };
		D6C1126C25774D88001E2377 /* ViewController.swift */ = {isa = PBXFileReference; lastKnownFileType = sourcecode.swift; path = ViewController.swift; sourceTree = "<group>"; };
		D6C1126F25774D88001E2377 /* Base */ = {isa = PBXFileReference; lastKnownFileType = file.storyboard; name = Base; path = Base.lproj/Main.storyboard; sourceTree = "<group>"; };
		D6C1127125774D88001E2377 /* Assets.xcassets */ = {isa = PBXFileReference; lastKnownFileType = folder.assetcatalog; path = Assets.xcassets; sourceTree = "<group>"; };
		D6C1127425774D88001E2377 /* Base */ = {isa = PBXFileReference; lastKnownFileType = file.storyboard; name = Base; path = Base.lproj/LaunchScreen.storyboard; sourceTree = "<group>"; };
		D6C1127625774D88001E2377 /* Info.plist */ = {isa = PBXFileReference; lastKnownFileType = text.plist.xml; path = Info.plist; sourceTree = "<group>"; };
		D6C1128225774FFB001E2377 /* Roboto-Medium.ttf */ = {isa = PBXFileReference; lastKnownFileType = file; path = "Roboto-Medium.ttf"; sourceTree = "<group>"; };
		D6C1128325774FFB001E2377 /* Roboto-Light.ttf */ = {isa = PBXFileReference; lastKnownFileType = file; path = "Roboto-Light.ttf"; sourceTree = "<group>"; };
		D6C1128425774FFB001E2377 /* Roboto-Regular.ttf */ = {isa = PBXFileReference; lastKnownFileType = file; path = "Roboto-Regular.ttf"; sourceTree = "<group>"; };
		D6C1128525774FFB001E2377 /* Roboto-MediumItalic.ttf */ = {isa = PBXFileReference; lastKnownFileType = file; path = "Roboto-MediumItalic.ttf"; sourceTree = "<group>"; };
		D6C1128625774FFB001E2377 /* Roboto-ThinItalic.ttf */ = {isa = PBXFileReference; lastKnownFileType = file; path = "Roboto-ThinItalic.ttf"; sourceTree = "<group>"; };
		D6C1128725774FFB001E2377 /* Roboto-BoldItalic.ttf */ = {isa = PBXFileReference; lastKnownFileType = file; path = "Roboto-BoldItalic.ttf"; sourceTree = "<group>"; };
		D6C1128825774FFB001E2377 /* Roboto-LightItalic.ttf */ = {isa = PBXFileReference; lastKnownFileType = file; path = "Roboto-LightItalic.ttf"; sourceTree = "<group>"; };
		D6C1128925774FFB001E2377 /* Roboto-Italic.ttf */ = {isa = PBXFileReference; lastKnownFileType = file; path = "Roboto-Italic.ttf"; sourceTree = "<group>"; };
		D6C1128A25774FFB001E2377 /* Roboto-BlackItalic.ttf */ = {isa = PBXFileReference; lastKnownFileType = file; path = "Roboto-BlackItalic.ttf"; sourceTree = "<group>"; };
		D6C1128B25774FFB001E2377 /* Roboto-Bold.ttf */ = {isa = PBXFileReference; lastKnownFileType = file; path = "Roboto-Bold.ttf"; sourceTree = "<group>"; };
		D6C1128C25774FFB001E2377 /* Roboto-Thin.ttf */ = {isa = PBXFileReference; lastKnownFileType = file; path = "Roboto-Thin.ttf"; sourceTree = "<group>"; };
		D6C1128D25774FFB001E2377 /* Roboto-Black.ttf */ = {isa = PBXFileReference; lastKnownFileType = file; path = "Roboto-Black.ttf"; sourceTree = "<group>"; };
/* End PBXFileReference section */

/* Begin PBXFrameworksBuildPhase section */
		D6C1126225774D88001E2377 /* Frameworks */ = {
			isa = PBXFrameworksBuildPhase;
			buildActionMask = 2147483647;
			files = (
			);
			runOnlyForDeploymentPostprocessing = 0;
		};
/* End PBXFrameworksBuildPhase section */

/* Begin PBXGroup section */
		D6C1125C25774D87001E2377 = {
			isa = PBXGroup;
			children = (
				D6C1126725774D88001E2377 /* CustomFonts */,
				D6C1126625774D88001E2377 /* Products */,
			);
			sourceTree = "<group>";
		};
		D6C1126625774D88001E2377 /* Products */ = {
			isa = PBXGroup;
			children = (
				D6C1126525774D88001E2377 /* CustomFonts.app */,
			);
			name = Products;
			sourceTree = "<group>";
		};
		D6C1126725774D88001E2377 /* CustomFonts */ = {
			isa = PBXGroup;
			children = (
				D6C1128125774FFB001E2377 /* Roboto */,
				D6C1126825774D88001E2377 /* AppDelegate.swift */,
				D6C1126A25774D88001E2377 /* SceneDelegate.swift */,
				D6C1126C25774D88001E2377 /* ViewController.swift */,
				D6C1126E25774D88001E2377 /* Main.storyboard */,
				D6C1127125774D88001E2377 /* Assets.xcassets */,
				D6C1127325774D88001E2377 /* LaunchScreen.storyboard */,
				D6C1127625774D88001E2377 /* Info.plist */,
			);
			path = CustomFonts;
			sourceTree = "<group>";
		};
		D6C1128125774FFB001E2377 /* Roboto */ = {
			isa = PBXGroup;
			children = (
				D6C1128225774FFB001E2377 /* Roboto-Medium.ttf */,
				D6C1128325774FFB001E2377 /* Roboto-Light.ttf */,
				D6C1128425774FFB001E2377 /* Roboto-Regular.ttf */,
				D6C1128525774FFB001E2377 /* Roboto-MediumItalic.ttf */,
				D6C1128625774FFB001E2377 /* Roboto-ThinItalic.ttf */,
				D6C1128725774FFB001E2377 /* Roboto-BoldItalic.ttf */,
				D6C1128825774FFB001E2377 /* Roboto-LightItalic.ttf */,
				D6C1128925774FFB001E2377 /* Roboto-Italic.ttf */,
				D6C1128A25774FFB001E2377 /* Roboto-BlackItalic.ttf */,
				D6C1128B25774FFB001E2377 /* Roboto-Bold.ttf */,
				D6C1128C25774FFB001E2377 /* Roboto-Thin.ttf */,
				D6C1128D25774FFB001E2377 /* Roboto-Black.ttf */,
			);
			path = Roboto;
			sourceTree = "<group>";
		};
/* End PBXGroup section */

/* Begin PBXNativeTarget section */
		D6C1126425774D88001E2377 /* CustomFonts */ = {
			isa = PBXNativeTarget;
			buildConfigurationList = D6C1127925774D88001E2377 /* Build configuration list for PBXNativeTarget "CustomFonts" */;
			buildPhases = (
				D6C1126125774D88001E2377 /* Sources */,
				D6C1126225774D88001E2377 /* Frameworks */,
				D6C1126325774D88001E2377 /* Resources */,
			);
			buildRules = (
			);
			dependencies = (
			);
			name = CustomFonts;
			productName = CustomFonts;
			productReference = D6C1126525774D88001E2377 /* CustomFonts.app */;
			productType = "com.apple.product-type.application";
		};
/* End PBXNativeTarget section */

/* Begin PBXProject section */
		D6C1125D25774D87001E2377 /* Project object */ = {
			isa = PBXProject;
			attributes = {
				LastSwiftUpdateCheck = 1220;
				LastUpgradeCheck = 1220;
				TargetAttributes = {
					D6C1126425774D88001E2377 = {
						CreatedOnToolsVersion = 12.2;
					};
				};
			};
			buildConfigurationList = D6C1126025774D87001E2377 /* Build configuration list for PBXProject "CustomFonts" */;
			compatibilityVersion = "Xcode 9.3";
			developmentRegion = en;
			hasScannedForEncodings = 0;
			knownRegions = (
				en,
				Base,
			);
			mainGroup = D6C1125C25774D87001E2377;
			productRefGroup = D6C1126625774D88001E2377 /* Products */;
			projectDirPath = "";
			projectRoot = "";
			targets = (
				D6C1126425774D88001E2377 /* CustomFonts */,
			);
		};
/* End PBXProject section */

/* Begin PBXResourcesBuildPhase section */
		D6C1126325774D88001E2377 /* Resources */ = {
			isa = PBXResourcesBuildPhase;
			buildActionMask = 2147483647;
			files = (
				D6C1129825774FFB001E2377 /* Roboto-Thin.ttf in Resources */,
				D6C1129325774FFB001E2377 /* Roboto-BoldItalic.ttf in Resources */,
				D6C1129925774FFB001E2377 /* Roboto-Black.ttf in Resources */,
				D6C1129725774FFB001E2377 /* Roboto-Bold.ttf in Resources */,
				D6C1129025774FFB001E2377 /* Roboto-Regular.ttf in Resources */,
				D6C1129425774FFB001E2377 /* Roboto-LightItalic.ttf in Resources */,
				D6C1128E25774FFB001E2377 /* Roboto-Medium.ttf in Resources */,
				D6C1127525774D88001E2377 /* LaunchScreen.storyboard in Resources */,
				D6C1128F25774FFB001E2377 /* Roboto-Light.ttf in Resources */,
				D6C1129225774FFB001E2377 /* Roboto-ThinItalic.ttf in Resources */,
				D6C1129625774FFB001E2377 /* Roboto-BlackItalic.ttf in Resources */,
				D6C1129125774FFB001E2377 /* Roboto-MediumItalic.ttf in Resources */,
				D6C1127225774D88001E2377 /* Assets.xcassets in Resources */,
				D6C1129525774FFB001E2377 /* Roboto-Italic.ttf in Resources */,
				D6C1127025774D88001E2377 /* Main.storyboard in Resources */,
			);
			runOnlyForDeploymentPostprocessing = 0;
		};
/* End PBXResourcesBuildPhase section */

/* Begin PBXSourcesBuildPhase section */
		D6C1126125774D88001E2377 /* Sources */ = {
			isa = PBXSourcesBuildPhase;
			buildActionMask = 2147483647;
			files = (
				D6C1126D25774D88001E2377 /* ViewController.swift in Sources */,
				D6C1126925774D88001E2377 /* AppDelegate.swift in Sources */,
				D6C1126B25774D88001E2377 /* SceneDelegate.swift in Sources */,
			);
			runOnlyForDeploymentPostprocessing = 0;
		};
/* End PBXSourcesBuildPhase section */

/* Begin PBXVariantGroup section */
		D6C1126E25774D88001E2377 /* Main.storyboard */ = {
			isa = PBXVariantGroup;
			children = (
				D6C1126F25774D88001E2377 /* Base */,
			);
			name = Main.storyboard;
			sourceTree = "<group>";
		};
		D6C1127325774D88001E2377 /* LaunchScreen.storyboard */ = {
			isa = PBXVariantGroup;
			children = (
				D6C1127425774D88001E2377 /* Base */,
			);
			name = LaunchScreen.storyboard;
			sourceTree = "<group>";
		};
/* End PBXVariantGroup section */

/* Begin XCBuildConfiguration section */
		D6C1127725774D88001E2377 /* Debug */ = {
			isa = XCBuildConfiguration;
			buildSettings = {
				ALWAYS_SEARCH_USER_PATHS = NO;
				CLANG_ANALYZER_NONNULL = YES;
				CLANG_ANALYZER_NUMBER_OBJECT_CONVERSION = YES_AGGRESSIVE;
				CLANG_CXX_LANGUAGE_STANDARD = "gnu++14";
				CLANG_CXX_LIBRARY = "libc++";
				CLANG_ENABLE_MODULES = YES;
				CLANG_ENABLE_OBJC_ARC = YES;
				CLANG_ENABLE_OBJC_WEAK = YES;
				CLANG_WARN_BLOCK_CAPTURE_AUTORELEASING = YES;
				CLANG_WARN_BOOL_CONVERSION = YES;
				CLANG_WARN_COMMA = YES;
				CLANG_WARN_CONSTANT_CONVERSION = YES;
				CLANG_WARN_DEPRECATED_OBJC_IMPLEMENTATIONS = YES;
				CLANG_WARN_DIRECT_OBJC_ISA_USAGE = YES_ERROR;
				CLANG_WARN_DOCUMENTATION_COMMENTS = YES;
				CLANG_WARN_EMPTY_BODY = YES;
				CLANG_WARN_ENUM_CONVERSION = YES;
				CLANG_WARN_INFINITE_RECURSION = YES;
				CLANG_WARN_INT_CONVERSION = YES;
				CLANG_WARN_NON_LITERAL_NULL_CONVERSION = YES;
				CLANG_WARN_OBJC_IMPLICIT_RETAIN_SELF = YES;
				CLANG_WARN_OBJC_LITERAL_CONVERSION = YES;
				CLANG_WARN_OBJC_ROOT_CLASS = YES_ERROR;
				CLANG_WARN_QUOTED_INCLUDE_IN_FRAMEWORK_HEADER = YES;
				CLANG_WARN_RANGE_LOOP_ANALYSIS = YES;
				CLANG_WARN_STRICT_PROTOTYPES = YES;
				CLANG_WARN_SUSPICIOUS_MOVE = YES;
				CLANG_WARN_UNGUARDED_AVAILABILITY = YES_AGGRESSIVE;
				CLANG_WARN_UNREACHABLE_CODE = YES;
				CLANG_WARN__DUPLICATE_METHOD_MATCH = YES;
				COPY_PHASE_STRIP = NO;
				DEBUG_INFORMATION_FORMAT = dwarf;
				ENABLE_STRICT_OBJC_MSGSEND = YES;
				ENABLE_TESTABILITY = YES;
				GCC_C_LANGUAGE_STANDARD = gnu11;
				GCC_DYNAMIC_NO_PIC = NO;
				GCC_NO_COMMON_BLOCKS = YES;
				GCC_OPTIMIZATION_LEVEL = 0;
				GCC_PREPROCESSOR_DEFINITIONS = (
					"DEBUG=1",
					"$(inherited)",
				);
				GCC_WARN_64_TO_32_BIT_CONVERSION = YES;
				GCC_WARN_ABOUT_RETURN_TYPE = YES_ERROR;
				GCC_WARN_UNDECLARED_SELECTOR = YES;
				GCC_WARN_UNINITIALIZED_AUTOS = YES_AGGRESSIVE;
				GCC_WARN_UNUSED_FUNCTION = YES;
				GCC_WARN_UNUSED_VARIABLE = YES;
				IPHONEOS_DEPLOYMENT_TARGET = 14.2;
				MTL_ENABLE_DEBUG_INFO = INCLUDE_SOURCE;
				MTL_FAST_MATH = YES;
				ONLY_ACTIVE_ARCH = YES;
				SDKROOT = iphoneos;
				SWIFT_ACTIVE_COMPILATION_CONDITIONS = DEBUG;
				SWIFT_OPTIMIZATION_LEVEL = "-Onone";
			};
			name = Debug;
		};
		D6C1127825774D88001E2377 /* Release */ = {
			isa = XCBuildConfiguration;
			buildSettings = {
				ALWAYS_SEARCH_USER_PATHS = NO;
				CLANG_ANALYZER_NONNULL = YES;
				CLANG_ANALYZER_NUMBER_OBJECT_CONVERSION = YES_AGGRESSIVE;
				CLANG_CXX_LANGUAGE_STANDARD = "gnu++14";
				CLANG_CXX_LIBRARY = "libc++";
				CLANG_ENABLE_MODULES = YES;
				CLANG_ENABLE_OBJC_ARC = YES;
				CLANG_ENABLE_OBJC_WEAK = YES;
				CLANG_WARN_BLOCK_CAPTURE_AUTORELEASING = YES;
				CLANG_WARN_BOOL_CONVERSION = YES;
				CLANG_WARN_COMMA = YES;
				CLANG_WARN_CONSTANT_CONVERSION = YES;
				CLANG_WARN_DEPRECATED_OBJC_IMPLEMENTATIONS = YES;
				CLANG_WARN_DIRECT_OBJC_ISA_USAGE = YES_ERROR;
				CLANG_WARN_DOCUMENTATION_COMMENTS = YES;
				CLANG_WARN_EMPTY_BODY = YES;
				CLANG_WARN_ENUM_CONVERSION = YES;
				CLANG_WARN_INFINITE_RECURSION = YES;
				CLANG_WARN_INT_CONVERSION = YES;
				CLANG_WARN_NON_LITERAL_NULL_CONVERSION = YES;
				CLANG_WARN_OBJC_IMPLICIT_RETAIN_SELF = YES;
				CLANG_WARN_OBJC_LITERAL_CONVERSION = YES;
				CLANG_WARN_OBJC_ROOT_CLASS = YES_ERROR;
				CLANG_WARN_QUOTED_INCLUDE_IN_FRAMEWORK_HEADER = YES;
				CLANG_WARN_RANGE_LOOP_ANALYSIS = YES;
				CLANG_WARN_STRICT_PROTOTYPES = YES;
				CLANG_WARN_SUSPICIOUS_MOVE = YES;
				CLANG_WARN_UNGUARDED_AVAILABILITY = YES_AGGRESSIVE;
				CLANG_WARN_UNREACHABLE_CODE = YES;
				CLANG_WARN__DUPLICATE_METHOD_MATCH = YES;
				COPY_PHASE_STRIP = NO;
				DEBUG_INFORMATION_FORMAT = "dwarf-with-dsym";
				ENABLE_NS_ASSERTIONS = NO;
				ENABLE_STRICT_OBJC_MSGSEND = YES;
				GCC_C_LANGUAGE_STANDARD = gnu11;
				GCC_NO_COMMON_BLOCKS = YES;
				GCC_WARN_64_TO_32_BIT_CONVERSION = YES;
				GCC_WARN_ABOUT_RETURN_TYPE = YES_ERROR;
				GCC_WARN_UNDECLARED_SELECTOR = YES;
				GCC_WARN_UNINITIALIZED_AUTOS = YES_AGGRESSIVE;
				GCC_WARN_UNUSED_FUNCTION = YES;
				GCC_WARN_UNUSED_VARIABLE = YES;
				IPHONEOS_DEPLOYMENT_TARGET = 14.2;
				MTL_ENABLE_DEBUG_INFO = NO;
				MTL_FAST_MATH = YES;
				SDKROOT = iphoneos;
				SWIFT_COMPILATION_MODE = wholemodule;
				SWIFT_OPTIMIZATION_LEVEL = "-O";
				VALIDATE_PRODUCT = YES;
			};
			name = Release;
		};
		D6C1127A25774D88001E2377 /* Debug */ = {
			isa = XCBuildConfiguration;
			buildSettings = {
				ASSETCATALOG_COMPILER_APPICON_NAME = AppIcon;
				ASSETCATALOG_COMPILER_GLOBAL_ACCENT_COLOR_NAME = AccentColor;
				CODE_SIGN_STYLE = Automatic;
				DEVELOPMENT_TEAM = ND38VD9UA2;
				INFOPLIST_FILE = CustomFonts/Info.plist;
				LD_RUNPATH_SEARCH_PATHS = (
					"$(inherited)",
					"@executable_path/Frameworks",
				);
				PRODUCT_BUNDLE_IDENTIFIER = com.ngodangtan.CustomFonts;
				PRODUCT_NAME = "$(TARGET_NAME)";
				SWIFT_VERSION = 5.0;
				TARGETED_DEVICE_FAMILY = "1,2";
			};
			name = Debug;
		};
		D6C1127B25774D88001E2377 /* Release */ = {
			isa = XCBuildConfiguration;
			buildSettings = {
				ASSETCATALOG_COMPILER_APPICON_NAME = AppIcon;
				ASSETCATALOG_COMPILER_GLOBAL_ACCENT_COLOR_NAME = AccentColor;
				CODE_SIGN_STYLE = Automatic;
				DEVELOPMENT_TEAM = ND38VD9UA2;
				INFOPLIST_FILE = CustomFonts/Info.plist;
				LD_RUNPATH_SEARCH_PATHS = (
					"$(inherited)",
					"@executable_path/Frameworks",
				);
				PRODUCT_BUNDLE_IDENTIFIER = com.ngodangtan.CustomFonts;
				PRODUCT_NAME = "$(TARGET_NAME)";
				SWIFT_VERSION = 5.0;
				TARGETED_DEVICE_FAMILY = "1,2";
			};
			name = Release;
		};
/* End XCBuildConfiguration section */

/* Begin XCConfigurationList section */
		D6C1126025774D87001E2377 /* Build configuration list for PBXProject "CustomFonts" */ = {
			isa = XCConfigurationList;
			buildConfigurations = (
				D6C1127725774D88001E2377 /* Debug */,
				D6C1127825774D88001E2377 /* Release */,
			);
			defaultConfigurationIsVisible = 0;
			defaultConfigurationName = Release;
		};
		D6C1127925774D88001E2377 /* Build configuration list for PBXNativeTarget "CustomFonts" */ = {
			isa = XCConfigurationList;
			buildConfigurations = (
				D6C1127A25774D88001E2377 /* Debug */,
				D6C1127B25774D88001E2377 /* Release */,
			);
			defaultConfigurationIsVisible = 0;
			defaultConfigurationName = Release;
		};
/* End XCConfigurationList section */
	};
	rootObject = D6C1125D25774D87001E2377 /* Project object */;
}
